// !$*UTF8*$!
{
	archiveVersion = 1;
	classes = {
	};
	objectVersion = 56;
	objects = {

/* Begin PBXBuildFile section */
		A10B2D3C292B214B005C7ABE /* LayoutViewModel.swift in Sources */ = {isa = PBXBuildFile; fileRef = A10B2D3B292B214B005C7ABE /* LayoutViewModel.swift */; };
		A10B2D40292B26BD005C7ABE /* TextBanner.swift in Sources */ = {isa = PBXBuildFile; fileRef = A10B2D3F292B26BD005C7ABE /* TextBanner.swift */; };
		A10B2D42292B28DE005C7ABE /* BannerService.swift in Sources */ = {isa = PBXBuildFile; fileRef = A10B2D41292B28DE005C7ABE /* BannerService.swift */; };
		A10B2D48292B4764005C7ABE /* BrandPage.swift in Sources */ = {isa = PBXBuildFile; fileRef = A10B2D47292B4764005C7ABE /* BrandPage.swift */; };
		A10B2D4A292B478C005C7ABE /* NewsPage.swift in Sources */ = {isa = PBXBuildFile; fileRef = A10B2D49292B478C005C7ABE /* NewsPage.swift */; };
		A10B2D4C292B4799005C7ABE /* WishPage.swift in Sources */ = {isa = PBXBuildFile; fileRef = A10B2D4B292B4799005C7ABE /* WishPage.swift */; };
		A10B2D4E292B47AD005C7ABE /* MyPage.swift in Sources */ = {isa = PBXBuildFile; fileRef = A10B2D4D292B47AD005C7ABE /* MyPage.swift */; };
		A19149F1291CF3CC000788E2 /* clonedcodeApp.swift in Sources */ = {isa = PBXBuildFile; fileRef = A19149F0291CF3CC000788E2 /* clonedcodeApp.swift */; };
		A19149F3291CF3CC000788E2 /* HomePage.swift in Sources */ = {isa = PBXBuildFile; fileRef = A19149F2291CF3CC000788E2 /* HomePage.swift */; };
		A19149F5291CF3CE000788E2 /* Assets.xcassets in Resources */ = {isa = PBXBuildFile; fileRef = A19149F4291CF3CE000788E2 /* Assets.xcassets */; };
		A19149F8291CF3CE000788E2 /* Preview Assets.xcassets in Resources */ = {isa = PBXBuildFile; fileRef = A19149F7291CF3CE000788E2 /* Preview Assets.xcassets */; };
		A1914A02291CF3CE000788E2 /* clonedcodeTests.swift in Sources */ = {isa = PBXBuildFile; fileRef = A1914A01291CF3CE000788E2 /* clonedcodeTests.swift */; };
		A1914A1E291D0531000788E2 /* LayoutView.swift in Sources */ = {isa = PBXBuildFile; fileRef = A1914A1D291D0531000788E2 /* LayoutView.swift */; };
		A1914A21291E156F000788E2 /* BottomTabMenu.swift in Sources */ = {isa = PBXBuildFile; fileRef = A1914A20291E156F000788E2 /* BottomTabMenu.swift */; };
		A1914A27291E2685000788E2 /* TopBannerView.swift in Sources */ = {isa = PBXBuildFile; fileRef = A1914A26291E2685000788E2 /* TopBannerView.swift */; };
		A1914A2C291E29E5000788E2 /* Color+hex.swift in Sources */ = {isa = PBXBuildFile; fileRef = A1914A2B291E29E5000788E2 /* Color+hex.swift */; };
		A1914A33291E2BF6000788E2 /* Color+Hex_Tests.swift in Sources */ = {isa = PBXBuildFile; fileRef = A1914A32291E2BF6000788E2 /* Color+Hex_Tests.swift */; };
		A1914A51292324F0000788E2 /* Container.swift in Sources */ = {isa = PBXBuildFile; fileRef = A1914A50292324F0000788E2 /* Container.swift */; };
		A1914A5329235641000788E2 /* ContainerTests.swift in Sources */ = {isa = PBXBuildFile; fileRef = A1914A5229235641000788E2 /* ContainerTests.swift */; };
		A1914A55292363CA000788E2 /* FatalErrorUtil.swift in Sources */ = {isa = PBXBuildFile; fileRef = A1914A54292363C9000788E2 /* FatalErrorUtil.swift */; };
		A1914A5829236411000788E2 /* XCTestCase+FatalError.swift in Sources */ = {isa = PBXBuildFile; fileRef = A1914A5729236411000788E2 /* XCTestCase+FatalError.swift */; };
		A1914A5A292367CB000788E2 /* HomePageViewModel.swift in Sources */ = {isa = PBXBuildFile; fileRef = A1914A59292367CB000788E2 /* HomePageViewModel.swift */; };
		A1914A5E292369F6000788E2 /* HomeLogoHeaderView.swift in Sources */ = {isa = PBXBuildFile; fileRef = A1914A5D292369F6000788E2 /* HomeLogoHeaderView.swift */; };
		A1914A6029236A31000788E2 /* HomeTabView.swift in Sources */ = {isa = PBXBuildFile; fileRef = A1914A5F29236A31000788E2 /* HomeTabView.swift */; };
/* End PBXBuildFile section */

/* Begin PBXContainerItemProxy section */
		A19149FE291CF3CE000788E2 /* PBXContainerItemProxy */ = {
			isa = PBXContainerItemProxy;
			containerPortal = A19149E5291CF3CC000788E2 /* Project object */;
			proxyType = 1;
			remoteGlobalIDString = A19149EC291CF3CC000788E2;
			remoteInfo = clonedcode;
		};
/* End PBXContainerItemProxy section */

/* Begin PBXFileReference section */
		A10B2D3B292B214B005C7ABE /* LayoutViewModel.swift */ = {isa = PBXFileReference; lastKnownFileType = sourcecode.swift; path = LayoutViewModel.swift; sourceTree = "<group>"; };
		A10B2D3F292B26BD005C7ABE /* TextBanner.swift */ = {isa = PBXFileReference; lastKnownFileType = sourcecode.swift; path = TextBanner.swift; sourceTree = "<group>"; };
		A10B2D41292B28DE005C7ABE /* BannerService.swift */ = {isa = PBXFileReference; lastKnownFileType = sourcecode.swift; path = BannerService.swift; sourceTree = "<group>"; };
		A10B2D47292B4764005C7ABE /* BrandPage.swift */ = {isa = PBXFileReference; lastKnownFileType = sourcecode.swift; path = BrandPage.swift; sourceTree = "<group>"; };
		A10B2D49292B478C005C7ABE /* NewsPage.swift */ = {isa = PBXFileReference; lastKnownFileType = sourcecode.swift; path = NewsPage.swift; sourceTree = "<group>"; };
		A10B2D4B292B4799005C7ABE /* WishPage.swift */ = {isa = PBXFileReference; lastKnownFileType = sourcecode.swift; path = WishPage.swift; sourceTree = "<group>"; };
		A10B2D4D292B47AD005C7ABE /* MyPage.swift */ = {isa = PBXFileReference; lastKnownFileType = sourcecode.swift; path = MyPage.swift; sourceTree = "<group>"; };
		A19149ED291CF3CC000788E2 /* clonedcode.app */ = {isa = PBXFileReference; explicitFileType = wrapper.application; includeInIndex = 0; path = clonedcode.app; sourceTree = BUILT_PRODUCTS_DIR; };
		A19149F0291CF3CC000788E2 /* clonedcodeApp.swift */ = {isa = PBXFileReference; lastKnownFileType = sourcecode.swift; path = clonedcodeApp.swift; sourceTree = "<group>"; };
		A19149F2291CF3CC000788E2 /* HomePage.swift */ = {isa = PBXFileReference; lastKnownFileType = sourcecode.swift; path = HomePage.swift; sourceTree = "<group>"; };
		A19149F4291CF3CE000788E2 /* Assets.xcassets */ = {isa = PBXFileReference; lastKnownFileType = folder.assetcatalog; path = Assets.xcassets; sourceTree = "<group>"; };
		A19149F7291CF3CE000788E2 /* Preview Assets.xcassets */ = {isa = PBXFileReference; lastKnownFileType = folder.assetcatalog; path = "Preview Assets.xcassets"; sourceTree = "<group>"; };
		A19149FD291CF3CE000788E2 /* clonedcodeTests.xctest */ = {isa = PBXFileReference; explicitFileType = wrapper.cfbundle; includeInIndex = 0; path = clonedcodeTests.xctest; sourceTree = BUILT_PRODUCTS_DIR; };
		A1914A01291CF3CE000788E2 /* clonedcodeTests.swift */ = {isa = PBXFileReference; lastKnownFileType = sourcecode.swift; path = clonedcodeTests.swift; sourceTree = "<group>"; };
		A1914A1D291D0531000788E2 /* LayoutView.swift */ = {isa = PBXFileReference; lastKnownFileType = sourcecode.swift; path = LayoutView.swift; sourceTree = "<group>"; };
		A1914A20291E156F000788E2 /* BottomTabMenu.swift */ = {isa = PBXFileReference; lastKnownFileType = sourcecode.swift; path = BottomTabMenu.swift; sourceTree = "<group>"; };
		A1914A26291E2685000788E2 /* TopBannerView.swift */ = {isa = PBXFileReference; lastKnownFileType = sourcecode.swift; path = TopBannerView.swift; sourceTree = "<group>"; };
		A1914A2B291E29E5000788E2 /* Color+hex.swift */ = {isa = PBXFileReference; lastKnownFileType = sourcecode.swift; path = "Color+hex.swift"; sourceTree = "<group>"; };
		A1914A32291E2BF6000788E2 /* Color+Hex_Tests.swift */ = {isa = PBXFileReference; lastKnownFileType = sourcecode.swift; path = "Color+Hex_Tests.swift"; sourceTree = "<group>"; };
		A1914A50292324F0000788E2 /* Container.swift */ = {isa = PBXFileReference; lastKnownFileType = sourcecode.swift; path = Container.swift; sourceTree = "<group>"; };
		A1914A5229235641000788E2 /* ContainerTests.swift */ = {isa = PBXFileReference; lastKnownFileType = sourcecode.swift; path = ContainerTests.swift; sourceTree = "<group>"; };
		A1914A54292363C9000788E2 /* FatalErrorUtil.swift */ = {isa = PBXFileReference; lastKnownFileType = sourcecode.swift; path = FatalErrorUtil.swift; sourceTree = "<group>"; };
		A1914A5729236411000788E2 /* XCTestCase+FatalError.swift */ = {isa = PBXFileReference; lastKnownFileType = sourcecode.swift; path = "XCTestCase+FatalError.swift"; sourceTree = "<group>"; };
		A1914A59292367CB000788E2 /* HomePageViewModel.swift */ = {isa = PBXFileReference; lastKnownFileType = sourcecode.swift; path = HomePageViewModel.swift; sourceTree = "<group>"; };
		A1914A5D292369F6000788E2 /* HomeLogoHeaderView.swift */ = {isa = PBXFileReference; lastKnownFileType = sourcecode.swift; path = HomeLogoHeaderView.swift; sourceTree = "<group>"; };
		A1914A5F29236A31000788E2 /* HomeTabView.swift */ = {isa = PBXFileReference; lastKnownFileType = sourcecode.swift; path = HomeTabView.swift; sourceTree = "<group>"; };
/* End PBXFileReference section */

/* Begin PBXFrameworksBuildPhase section */
		A19149EA291CF3CC000788E2 /* Frameworks */ = {
			isa = PBXFrameworksBuildPhase;
			buildActionMask = 2147483647;
			files = (
			);
			runOnlyForDeploymentPostprocessing = 0;
		};
		A19149FA291CF3CE000788E2 /* Frameworks */ = {
			isa = PBXFrameworksBuildPhase;
			buildActionMask = 2147483647;
			files = (
			);
			runOnlyForDeploymentPostprocessing = 0;
		};
/* End PBXFrameworksBuildPhase section */

/* Begin PBXGroup section */
		A1016F9F2920EA0800A846AB /* Components */ = {
			isa = PBXGroup;
			children = (
				A1914A26291E2685000788E2 /* TopBannerView.swift */,
				A1914A5D292369F6000788E2 /* HomeLogoHeaderView.swift */,
				A1914A5F29236A31000788E2 /* HomeTabView.swift */,
			);
			path = Components;
			sourceTree = "<group>";
		};
		A1016FA02920EA2800A846AB /* Layout */ = {
			isa = PBXGroup;
			children = (
				A1016FA12920EA3A00A846AB /* Components */,
				A1914A1D291D0531000788E2 /* LayoutView.swift */,
				A10B2D3B292B214B005C7ABE /* LayoutViewModel.swift */,
			);
			path = Layout;
			sourceTree = "<group>";
		};
		A1016FA12920EA3A00A846AB /* Components */ = {
			isa = PBXGroup;
			children = (
				A1914A20291E156F000788E2 /* BottomTabMenu.swift */,
			);
			path = Components;
			sourceTree = "<group>";
		};
		A10B2D3D292B265D005C7ABE /* Models */ = {
			isa = PBXGroup;
			children = (
				A10B2D3F292B26BD005C7ABE /* TextBanner.swift */,
			);
			path = Models;
			sourceTree = "<group>";
		};
		A10B2D3E292B266A005C7ABE /* Services */ = {
			isa = PBXGroup;
			children = (
				A10B2D41292B28DE005C7ABE /* BannerService.swift */,
			);
			path = Services;
			sourceTree = "<group>";
		};
		A10B2D43292B4730005C7ABE /* BrandPage */ = {
			isa = PBXGroup;
			children = (
				A10B2D47292B4764005C7ABE /* BrandPage.swift */,
			);
			path = BrandPage;
			sourceTree = "<group>";
		};
		A10B2D44292B473A005C7ABE /* NewsPage */ = {
			isa = PBXGroup;
			children = (
				A10B2D49292B478C005C7ABE /* NewsPage.swift */,
			);
			path = NewsPage;
			sourceTree = "<group>";
		};
		A10B2D45292B4744005C7ABE /* WishPage */ = {
			isa = PBXGroup;
			children = (
				A10B2D4B292B4799005C7ABE /* WishPage.swift */,
			);
			path = WishPage;
			sourceTree = "<group>";
		};
		A10B2D46292B4750005C7ABE /* MyPage */ = {
			isa = PBXGroup;
			children = (
				A10B2D4D292B47AD005C7ABE /* MyPage.swift */,
			);
			path = MyPage;
			sourceTree = "<group>";
		};
		A19149E4291CF3CC000788E2 = {
			isa = PBXGroup;
			children = (
				A19149EF291CF3CC000788E2 /* clonedcode */,
				A1914A00291CF3CE000788E2 /* clonedcodeTests */,
				A19149EE291CF3CC000788E2 /* Products */,
			);
			sourceTree = "<group>";
		};
		A19149EE291CF3CC000788E2 /* Products */ = {
			isa = PBXGroup;
			children = (
				A19149ED291CF3CC000788E2 /* clonedcode.app */,
				A19149FD291CF3CE000788E2 /* clonedcodeTests.xctest */,
			);
			name = Products;
			sourceTree = "<group>";
		};
		A19149EF291CF3CC000788E2 /* clonedcode */ = {
			isa = PBXGroup;
			children = (
				A10B2D3E292B266A005C7ABE /* Services */,
				A10B2D3D292B265D005C7ABE /* Models */,
				A1914A2A291E29D2000788E2 /* Utils */,
				A1914A1A291D04FA000788E2 /* Pages */,
				A19149F0291CF3CC000788E2 /* clonedcodeApp.swift */,
				A19149F4291CF3CE000788E2 /* Assets.xcassets */,
				A19149F6291CF3CE000788E2 /* Preview Content */,
			);
			path = clonedcode;
			sourceTree = "<group>";
		};
		A19149F6291CF3CE000788E2 /* Preview Content */ = {
			isa = PBXGroup;
			children = (
				A19149F7291CF3CE000788E2 /* Preview Assets.xcassets */,
			);
			path = "Preview Content";
			sourceTree = "<group>";
		};
		A1914A00291CF3CE000788E2 /* clonedcodeTests */ = {
			isa = PBXGroup;
			children = (
				A1914A56292363FA000788E2 /* Utils */,
				A1914A01291CF3CE000788E2 /* clonedcodeTests.swift */,
				A1914A32291E2BF6000788E2 /* Color+Hex_Tests.swift */,
				A1914A5229235641000788E2 /* ContainerTests.swift */,
			);
			path = clonedcodeTests;
			sourceTree = "<group>";
		};
		A1914A1A291D04FA000788E2 /* Pages */ = {
			isa = PBXGroup;
			children = (
				A1016FA02920EA2800A846AB /* Layout */,
				A1914A1B291D0503000788E2 /* HomePage */,
				A10B2D43292B4730005C7ABE /* BrandPage */,
				A10B2D44292B473A005C7ABE /* NewsPage */,
				A10B2D45292B4744005C7ABE /* WishPage */,
				A10B2D46292B4750005C7ABE /* MyPage */,
			);
			path = Pages;
			sourceTree = "<group>";
		};
		A1914A1B291D0503000788E2 /* HomePage */ = {
			isa = PBXGroup;
			children = (
				A1016F9F2920EA0800A846AB /* Components */,
				A19149F2291CF3CC000788E2 /* HomePage.swift */,
				A1914A59292367CB000788E2 /* HomePageViewModel.swift */,
			);
			path = HomePage;
			sourceTree = "<group>";
		};
		A1914A2A291E29D2000788E2 /* Utils */ = {
			isa = PBXGroup;
			children = (
				A1914A2B291E29E5000788E2 /* Color+hex.swift */,
				A1914A50292324F0000788E2 /* Container.swift */,
				A1914A54292363C9000788E2 /* FatalErrorUtil.swift */,
			);
			path = Utils;
			sourceTree = "<group>";
		};
		A1914A56292363FA000788E2 /* Utils */ = {
			isa = PBXGroup;
			children = (
				A1914A5729236411000788E2 /* XCTestCase+FatalError.swift */,
			);
			path = Utils;
			sourceTree = "<group>";
		};
/* End PBXGroup section */

/* Begin PBXNativeTarget section */
		A19149EC291CF3CC000788E2 /* clonedcode */ = {
			isa = PBXNativeTarget;
			buildConfigurationList = A1914A11291CF3CE000788E2 /* Build configuration list for PBXNativeTarget "clonedcode" */;
			buildPhases = (
				A19149E9291CF3CC000788E2 /* Sources */,
				A19149EA291CF3CC000788E2 /* Frameworks */,
				A19149EB291CF3CC000788E2 /* Resources */,
			);
			buildRules = (
			);
			dependencies = (
			);
			name = clonedcode;
			packageProductDependencies = (
			);
			productName = clonedcode;
			productReference = A19149ED291CF3CC000788E2 /* clonedcode.app */;
			productType = "com.apple.product-type.application";
		};
		A19149FC291CF3CE000788E2 /* clonedcodeTests */ = {
			isa = PBXNativeTarget;
			buildConfigurationList = A1914A14291CF3CE000788E2 /* Build configuration list for PBXNativeTarget "clonedcodeTests" */;
			buildPhases = (
				A19149F9291CF3CE000788E2 /* Sources */,
				A19149FA291CF3CE000788E2 /* Frameworks */,
				A19149FB291CF3CE000788E2 /* Resources */,
			);
			buildRules = (
			);
			dependencies = (
				A19149FF291CF3CE000788E2 /* PBXTargetDependency */,
			);
			name = clonedcodeTests;
			packageProductDependencies = (
			);
			productName = clonedcodeTests;
			productReference = A19149FD291CF3CE000788E2 /* clonedcodeTests.xctest */;
			productType = "com.apple.product-type.bundle.unit-test";
		};
/* End PBXNativeTarget section */

/* Begin PBXProject section */
		A19149E5291CF3CC000788E2 /* Project object */ = {
			isa = PBXProject;
			attributes = {
				BuildIndependentTargetsInParallel = 1;
				LastSwiftUpdateCheck = 1410;
				LastUpgradeCheck = 1410;
				TargetAttributes = {
					A19149EC291CF3CC000788E2 = {
						CreatedOnToolsVersion = 14.1;
					};
					A19149FC291CF3CE000788E2 = {
						CreatedOnToolsVersion = 14.1;
						TestTargetID = A19149EC291CF3CC000788E2;
					};
				};
			};
			buildConfigurationList = A19149E8291CF3CC000788E2 /* Build configuration list for PBXProject "clonedcode" */;
			compatibilityVersion = "Xcode 14.0";
			developmentRegion = en;
			hasScannedForEncodings = 0;
			knownRegions = (
				en,
				Base,
			);
			mainGroup = A19149E4291CF3CC000788E2;
			packageReferences = (
			);
			productRefGroup = A19149EE291CF3CC000788E2 /* Products */;
			projectDirPath = "";
			projectRoot = "";
			targets = (
				A19149EC291CF3CC000788E2 /* clonedcode */,
				A19149FC291CF3CE000788E2 /* clonedcodeTests */,
			);
		};
/* End PBXProject section */

/* Begin PBXResourcesBuildPhase section */
		A19149EB291CF3CC000788E2 /* Resources */ = {
			isa = PBXResourcesBuildPhase;
			buildActionMask = 2147483647;
			files = (
				A19149F8291CF3CE000788E2 /* Preview Assets.xcassets in Resources */,
				A19149F5291CF3CE000788E2 /* Assets.xcassets in Resources */,
			);
			runOnlyForDeploymentPostprocessing = 0;
		};
		A19149FB291CF3CE000788E2 /* Resources */ = {
			isa = PBXResourcesBuildPhase;
			buildActionMask = 2147483647;
			files = (
			);
			runOnlyForDeploymentPostprocessing = 0;
		};
/* End PBXResourcesBuildPhase section */

/* Begin PBXSourcesBuildPhase section */
		A19149E9291CF3CC000788E2 /* Sources */ = {
			isa = PBXSourcesBuildPhase;
			buildActionMask = 2147483647;
			files = (
				A19149F3291CF3CC000788E2 /* HomePage.swift in Sources */,
				A1914A2C291E29E5000788E2 /* Color+hex.swift in Sources */,
				A10B2D48292B4764005C7ABE /* BrandPage.swift in Sources */,
				A19149F1291CF3CC000788E2 /* clonedcodeApp.swift in Sources */,
				A10B2D4C292B4799005C7ABE /* WishPage.swift in Sources */,
				A1914A1E291D0531000788E2 /* LayoutView.swift in Sources */,
				A1914A27291E2685000788E2 /* TopBannerView.swift in Sources */,
				A10B2D42292B28DE005C7ABE /* BannerService.swift in Sources */,
				A10B2D4E292B47AD005C7ABE /* MyPage.swift in Sources */,
				A1914A51292324F0000788E2 /* Container.swift in Sources */,
				A1914A6029236A31000788E2 /* HomeTabView.swift in Sources */,
				A1914A21291E156F000788E2 /* BottomTabMenu.swift in Sources */,
				A1914A5E292369F6000788E2 /* HomeLogoHeaderView.swift in Sources */,
				A10B2D40292B26BD005C7ABE /* TextBanner.swift in Sources */,
				A1914A55292363CA000788E2 /* FatalErrorUtil.swift in Sources */,
				A10B2D3C292B214B005C7ABE /* LayoutViewModel.swift in Sources */,
				A1914A5A292367CB000788E2 /* HomePageViewModel.swift in Sources */,
				A10B2D4A292B478C005C7ABE /* NewsPage.swift in Sources */,
			);
			runOnlyForDeploymentPostprocessing = 0;
		};
		A19149F9291CF3CE000788E2 /* Sources */ = {
			isa = PBXSourcesBuildPhase;
			buildActionMask = 2147483647;
			files = (
				A1914A5329235641000788E2 /* ContainerTests.swift in Sources */,
				A1914A02291CF3CE000788E2 /* clonedcodeTests.swift in Sources */,
				A1914A5829236411000788E2 /* XCTestCase+FatalError.swift in Sources */,
				A1914A33291E2BF6000788E2 /* Color+Hex_Tests.swift in Sources */,
			);
			runOnlyForDeploymentPostprocessing = 0;
		};
/* End PBXSourcesBuildPhase section */

/* Begin PBXTargetDependency section */
		A19149FF291CF3CE000788E2 /* PBXTargetDependency */ = {
			isa = PBXTargetDependency;
			target = A19149EC291CF3CC000788E2 /* clonedcode */;
			targetProxy = A19149FE291CF3CE000788E2 /* PBXContainerItemProxy */;
		};
/* End PBXTargetDependency section */

/* Begin XCBuildConfiguration section */
		A1914A0F291CF3CE000788E2 /* Debug */ = {
			isa = XCBuildConfiguration;
			buildSettings = {
				ALWAYS_SEARCH_USER_PATHS = NO;
				CLANG_ANALYZER_NONNULL = YES;
				CLANG_ANALYZER_NUMBER_OBJECT_CONVERSION = YES_AGGRESSIVE;
				CLANG_CXX_LANGUAGE_STANDARD = "gnu++20";
				CLANG_ENABLE_MODULES = YES;
				CLANG_ENABLE_OBJC_ARC = YES;
				CLANG_ENABLE_OBJC_WEAK = YES;
				CLANG_WARN_BLOCK_CAPTURE_AUTORELEASING = YES;
				CLANG_WARN_BOOL_CONVERSION = YES;
				CLANG_WARN_COMMA = YES;
				CLANG_WARN_CONSTANT_CONVERSION = YES;
				CLANG_WARN_DEPRECATED_OBJC_IMPLEMENTATIONS = YES;
				CLANG_WARN_DIRECT_OBJC_ISA_USAGE = YES_ERROR;
				CLANG_WARN_DOCUMENTATION_COMMENTS = YES;
				CLANG_WARN_EMPTY_BODY = YES;
				CLANG_WARN_ENUM_CONVERSION = YES;
				CLANG_WARN_INFINITE_RECURSION = YES;
				CLANG_WARN_INT_CONVERSION = YES;
				CLANG_WARN_NON_LITERAL_NULL_CONVERSION = YES;
				CLANG_WARN_OBJC_IMPLICIT_RETAIN_SELF = YES;
				CLANG_WARN_OBJC_LITERAL_CONVERSION = YES;
				CLANG_WARN_OBJC_ROOT_CLASS = YES_ERROR;
				CLANG_WARN_QUOTED_INCLUDE_IN_FRAMEWORK_HEADER = YES;
				CLANG_WARN_RANGE_LOOP_ANALYSIS = YES;
				CLANG_WARN_STRICT_PROTOTYPES = YES;
				CLANG_WARN_SUSPICIOUS_MOVE = YES;
				CLANG_WARN_UNGUARDED_AVAILABILITY = YES_AGGRESSIVE;
				CLANG_WARN_UNREACHABLE_CODE = YES;
				CLANG_WARN__DUPLICATE_METHOD_MATCH = YES;
				COPY_PHASE_STRIP = NO;
				DEBUG_INFORMATION_FORMAT = dwarf;
				ENABLE_STRICT_OBJC_MSGSEND = YES;
				ENABLE_TESTABILITY = YES;
				GCC_C_LANGUAGE_STANDARD = gnu11;
				GCC_DYNAMIC_NO_PIC = NO;
				GCC_NO_COMMON_BLOCKS = YES;
				GCC_OPTIMIZATION_LEVEL = 0;
				GCC_PREPROCESSOR_DEFINITIONS = (
					"DEBUG=1",
					"$(inherited)",
				);
				GCC_WARN_64_TO_32_BIT_CONVERSION = YES;
				GCC_WARN_ABOUT_RETURN_TYPE = YES_ERROR;
				GCC_WARN_UNDECLARED_SELECTOR = YES;
				GCC_WARN_UNINITIALIZED_AUTOS = YES_AGGRESSIVE;
				GCC_WARN_UNUSED_FUNCTION = YES;
				GCC_WARN_UNUSED_VARIABLE = YES;
				IPHONEOS_DEPLOYMENT_TARGET = 16.1;
				MTL_ENABLE_DEBUG_INFO = INCLUDE_SOURCE;
				MTL_FAST_MATH = YES;
				ONLY_ACTIVE_ARCH = YES;
				SDKROOT = iphoneos;
				SWIFT_ACTIVE_COMPILATION_CONDITIONS = DEBUG;
				SWIFT_OPTIMIZATION_LEVEL = "-Onone";
			};
			name = Debug;
		};
		A1914A10291CF3CE000788E2 /* Release */ = {
			isa = XCBuildConfiguration;
			buildSettings = {
				ALWAYS_SEARCH_USER_PATHS = NO;
				CLANG_ANALYZER_NONNULL = YES;
				CLANG_ANALYZER_NUMBER_OBJECT_CONVERSION = YES_AGGRESSIVE;
				CLANG_CXX_LANGUAGE_STANDARD = "gnu++20";
				CLANG_ENABLE_MODULES = YES;
				CLANG_ENABLE_OBJC_ARC = YES;
				CLANG_ENABLE_OBJC_WEAK = YES;
				CLANG_WARN_BLOCK_CAPTURE_AUTORELEASING = YES;
				CLANG_WARN_BOOL_CONVERSION = YES;
				CLANG_WARN_COMMA = YES;
				CLANG_WARN_CONSTANT_CONVERSION = YES;
				CLANG_WARN_DEPRECATED_OBJC_IMPLEMENTATIONS = YES;
				CLANG_WARN_DIRECT_OBJC_ISA_USAGE = YES_ERROR;
				CLANG_WARN_DOCUMENTATION_COMMENTS = YES;
				CLANG_WARN_EMPTY_BODY = YES;
				CLANG_WARN_ENUM_CONVERSION = YES;
				CLANG_WARN_INFINITE_RECURSION = YES;
				CLANG_WARN_INT_CONVERSION = YES;
				CLANG_WARN_NON_LITERAL_NULL_CONVERSION = YES;
				CLANG_WARN_OBJC_IMPLICIT_RETAIN_SELF = YES;
				CLANG_WARN_OBJC_LITERAL_CONVERSION = YES;
				CLANG_WARN_OBJC_ROOT_CLASS = YES_ERROR;
				CLANG_WARN_QUOTED_INCLUDE_IN_FRAMEWORK_HEADER = YES;
				CLANG_WARN_RANGE_LOOP_ANALYSIS = YES;
				CLANG_WARN_STRICT_PROTOTYPES = YES;
				CLANG_WARN_SUSPICIOUS_MOVE = YES;
				CLANG_WARN_UNGUARDED_AVAILABILITY = YES_AGGRESSIVE;
				CLANG_WARN_UNREACHABLE_CODE = YES;
				CLANG_WARN__DUPLICATE_METHOD_MATCH = YES;
				COPY_PHASE_STRIP = NO;
				DEBUG_INFORMATION_FORMAT = "dwarf-with-dsym";
				ENABLE_NS_ASSERTIONS = NO;
				ENABLE_STRICT_OBJC_MSGSEND = YES;
				GCC_C_LANGUAGE_STANDARD = gnu11;
				GCC_NO_COMMON_BLOCKS = YES;
				GCC_WARN_64_TO_32_BIT_CONVERSION = YES;
				GCC_WARN_ABOUT_RETURN_TYPE = YES_ERROR;
				GCC_WARN_UNDECLARED_SELECTOR = YES;
				GCC_WARN_UNINITIALIZED_AUTOS = YES_AGGRESSIVE;
				GCC_WARN_UNUSED_FUNCTION = YES;
				GCC_WARN_UNUSED_VARIABLE = YES;
				IPHONEOS_DEPLOYMENT_TARGET = 16.1;
				MTL_ENABLE_DEBUG_INFO = NO;
				MTL_FAST_MATH = YES;
				SDKROOT = iphoneos;
				SWIFT_COMPILATION_MODE = wholemodule;
				SWIFT_OPTIMIZATION_LEVEL = "-O";
				VALIDATE_PRODUCT = YES;
			};
			name = Release;
		};
		A1914A12291CF3CE000788E2 /* Debug */ = {
			isa = XCBuildConfiguration;
			buildSettings = {
				ASSETCATALOG_COMPILER_APPICON_NAME = AppIcon;
				ASSETCATALOG_COMPILER_GLOBAL_ACCENT_COLOR_NAME = AccentColor;
				CODE_SIGN_STYLE = Automatic;
				CURRENT_PROJECT_VERSION = 1;
				DEVELOPMENT_ASSET_PATHS = "\"clonedcode/Preview Content\"";
				DEVELOPMENT_TEAM = V6C8BWW65M;
				ENABLE_PREVIEWS = YES;
				GENERATE_INFOPLIST_FILE = YES;
				INFOPLIST_KEY_CFBundleDisplayName = cloneDcode;
				INFOPLIST_KEY_LSApplicationCategoryType = "public.app-category.shopping";
				INFOPLIST_KEY_UIApplicationSceneManifest_Generation = YES;
				INFOPLIST_KEY_UIApplicationSupportsIndirectInputEvents = YES;
				INFOPLIST_KEY_UILaunchScreen_Generation = YES;
				INFOPLIST_KEY_UISupportedInterfaceOrientations = UIInterfaceOrientationPortrait;
				INFOPLIST_KEY_UISupportedInterfaceOrientations_iPad = "UIInterfaceOrientationLandscapeLeft UIInterfaceOrientationLandscapeRight UIInterfaceOrientationPortrait UIInterfaceOrientationPortraitUpsideDown";
				IPHONEOS_DEPLOYMENT_TARGET = 14.0;
				LD_RUNPATH_SEARCH_PATHS = (
					"$(inherited)",
					"@executable_path/Frameworks",
				);
				MARKETING_VERSION = 1.0;
				PRODUCT_BUNDLE_IDENTIFIER = com.appfried.app.clonedcode;
				PRODUCT_NAME = "$(TARGET_NAME)";
				SUPPORTED_PLATFORMS = "iphoneos iphonesimulator";
				SUPPORTS_MACCATALYST = NO;
				SUPPORTS_MAC_DESIGNED_FOR_IPHONE_IPAD = NO;
				SWIFT_EMIT_LOC_STRINGS = YES;
				SWIFT_VERSION = 5.0;
				TARGETED_DEVICE_FAMILY = 1;
			};
			name = Debug;
		};
		A1914A13291CF3CE000788E2 /* Release */ = {
			isa = XCBuildConfiguration;
			buildSettings = {
				ASSETCATALOG_COMPILER_APPICON_NAME = AppIcon;
				ASSETCATALOG_COMPILER_GLOBAL_ACCENT_COLOR_NAME = AccentColor;
				CODE_SIGN_STYLE = Automatic;
				CURRENT_PROJECT_VERSION = 1;
				DEVELOPMENT_ASSET_PATHS = "\"clonedcode/Preview Content\"";
				DEVELOPMENT_TEAM = V6C8BWW65M;
				ENABLE_PREVIEWS = YES;
				GENERATE_INFOPLIST_FILE = YES;
				INFOPLIST_KEY_CFBundleDisplayName = cloneDcode;
				INFOPLIST_KEY_LSApplicationCategoryType = "public.app-category.shopping";
				INFOPLIST_KEY_UIApplicationSceneManifest_Generation = YES;
				INFOPLIST_KEY_UIApplicationSupportsIndirectInputEvents = YES;
				INFOPLIST_KEY_UILaunchScreen_Generation = YES;
				INFOPLIST_KEY_UISupportedInterfaceOrientations = UIInterfaceOrientationPortrait;
				INFOPLIST_KEY_UISupportedInterfaceOrientations_iPad = "UIInterfaceOrientationLandscapeLeft UIInterfaceOrientationLandscapeRight UIInterfaceOrientationPortrait UIInterfaceOrientationPortraitUpsideDown";
				IPHONEOS_DEPLOYMENT_TARGET = 14.0;
				LD_RUNPATH_SEARCH_PATHS = (
					"$(inherited)",
					"@executable_path/Frameworks",
				);
				MARKETING_VERSION = 1.0;
				PRODUCT_BUNDLE_IDENTIFIER = com.appfried.app.clonedcode;
				PRODUCT_NAME = "$(TARGET_NAME)";
				SUPPORTED_PLATFORMS = "iphoneos iphonesimulator";
				SUPPORTS_MACCATALYST = NO;
				SUPPORTS_MAC_DESIGNED_FOR_IPHONE_IPAD = NO;
				SWIFT_EMIT_LOC_STRINGS = YES;
				SWIFT_VERSION = 5.0;
				TARGETED_DEVICE_FAMILY = 1;
			};
			name = Release;
		};
		A1914A15291CF3CE000788E2 /* Debug */ = {
			isa = XCBuildConfiguration;
			buildSettings = {
				ALWAYS_EMBED_SWIFT_STANDARD_LIBRARIES = YES;
				BUNDLE_LOADER = "$(TEST_HOST)";
				CODE_SIGN_STYLE = Automatic;
				CURRENT_PROJECT_VERSION = 1;
				DEVELOPMENT_TEAM = V6C8BWW65M;
				GENERATE_INFOPLIST_FILE = YES;
				IPHONEOS_DEPLOYMENT_TARGET = 16.1;
				MARKETING_VERSION = 1.0;
				PRODUCT_BUNDLE_IDENTIFIER = com.appfried.app.clonedcodeTests;
				PRODUCT_NAME = "$(TARGET_NAME)";
				SWIFT_EMIT_LOC_STRINGS = NO;
				SWIFT_VERSION = 5.0;
				TARGETED_DEVICE_FAMILY = "1,2";
				TEST_HOST = "$(BUILT_PRODUCTS_DIR)/clonedcode.app/$(BUNDLE_EXECUTABLE_FOLDER_PATH)/clonedcode";
			};
			name = Debug;
		};
		A1914A16291CF3CE000788E2 /* Release */ = {
			isa = XCBuildConfiguration;
			buildSettings = {
				ALWAYS_EMBED_SWIFT_STANDARD_LIBRARIES = YES;
				BUNDLE_LOADER = "$(TEST_HOST)";
				CODE_SIGN_STYLE = Automatic;
				CURRENT_PROJECT_VERSION = 1;
				DEVELOPMENT_TEAM = V6C8BWW65M;
				GENERATE_INFOPLIST_FILE = YES;
				IPHONEOS_DEPLOYMENT_TARGET = 16.1;
				MARKETING_VERSION = 1.0;
				PRODUCT_BUNDLE_IDENTIFIER = com.appfried.app.clonedcodeTests;
				PRODUCT_NAME = "$(TARGET_NAME)";
				SWIFT_EMIT_LOC_STRINGS = NO;
				SWIFT_VERSION = 5.0;
				TARGETED_DEVICE_FAMILY = "1,2";
				TEST_HOST = "$(BUILT_PRODUCTS_DIR)/clonedcode.app/$(BUNDLE_EXECUTABLE_FOLDER_PATH)/clonedcode";
			};
			name = Release;
		};
/* End XCBuildConfiguration section */

/* Begin XCConfigurationList section */
		A19149E8291CF3CC000788E2 /* Build configuration list for PBXProject "clonedcode" */ = {
			isa = XCConfigurationList;
			buildConfigurations = (
				A1914A0F291CF3CE000788E2 /* Debug */,
				A1914A10291CF3CE000788E2 /* Release */,
			);
			defaultConfigurationIsVisible = 0;
			defaultConfigurationName = Release;
		};
		A1914A11291CF3CE000788E2 /* Build configuration list for PBXNativeTarget "clonedcode" */ = {
			isa = XCConfigurationList;
			buildConfigurations = (
				A1914A12291CF3CE000788E2 /* Debug */,
				A1914A13291CF3CE000788E2 /* Release */,
			);
			defaultConfigurationIsVisible = 0;
			defaultConfigurationName = Release;
		};
		A1914A14291CF3CE000788E2 /* Build configuration list for PBXNativeTarget "clonedcodeTests" */ = {
			isa = XCConfigurationList;
			buildConfigurations = (
				A1914A15291CF3CE000788E2 /* Debug */,
				A1914A16291CF3CE000788E2 /* Release */,
			);
			defaultConfigurationIsVisible = 0;
			defaultConfigurationName = Release;
		};
/* End XCConfigurationList section */
	};
	rootObject = A19149E5291CF3CC000788E2 /* Project object */;
}
