// !$*UTF8*$!
{
	archiveVersion = 1;
	classes = {
	};
	objectVersion = 56;
	objects = {

/* Begin PBXBuildFile section */
		A19149F1291CF3CC000788E2 /* clonedcodeApp.swift in Sources */ = {isa = PBXBuildFile; fileRef = A19149F0291CF3CC000788E2 /* clonedcodeApp.swift */; };
		A19149F3291CF3CC000788E2 /* HomePage.swift in Sources */ = {isa = PBXBuildFile; fileRef = A19149F2291CF3CC000788E2 /* HomePage.swift */; };
		A19149F5291CF3CE000788E2 /* Assets.xcassets in Resources */ = {isa = PBXBuildFile; fileRef = A19149F4291CF3CE000788E2 /* Assets.xcassets */; };
		A19149F8291CF3CE000788E2 /* Preview Assets.xcassets in Resources */ = {isa = PBXBuildFile; fileRef = A19149F7291CF3CE000788E2 /* Preview Assets.xcassets */; };
		A1914A02291CF3CE000788E2 /* clonedcodeTests.swift in Sources */ = {isa = PBXBuildFile; fileRef = A1914A01291CF3CE000788E2 /* clonedcodeTests.swift */; };
		A1914A0C291CF3CE000788E2 /* clonedcodeUITests.swift in Sources */ = {isa = PBXBuildFile; fileRef = A1914A0B291CF3CE000788E2 /* clonedcodeUITests.swift */; };
		A1914A0E291CF3CE000788E2 /* clonedcodeUITestsLaunchTests.swift in Sources */ = {isa = PBXBuildFile; fileRef = A1914A0D291CF3CE000788E2 /* clonedcodeUITestsLaunchTests.swift */; };
		A1914A1E291D0531000788E2 /* LayoutView.swift in Sources */ = {isa = PBXBuildFile; fileRef = A1914A1D291D0531000788E2 /* LayoutView.swift */; };
/* End PBXBuildFile section */

/* Begin PBXContainerItemProxy section */
		A19149FE291CF3CE000788E2 /* PBXContainerItemProxy */ = {
			isa = PBXContainerItemProxy;
			containerPortal = A19149E5291CF3CC000788E2 /* Project object */;
			proxyType = 1;
			remoteGlobalIDString = A19149EC291CF3CC000788E2;
			remoteInfo = clonedcode;
		};
		A1914A08291CF3CE000788E2 /* PBXContainerItemProxy */ = {
			isa = PBXContainerItemProxy;
			containerPortal = A19149E5291CF3CC000788E2 /* Project object */;
			proxyType = 1;
			remoteGlobalIDString = A19149EC291CF3CC000788E2;
			remoteInfo = clonedcode;
		};
/* End PBXContainerItemProxy section */

/* Begin PBXFileReference section */
		A19149ED291CF3CC000788E2 /* clonedcode.app */ = {isa = PBXFileReference; explicitFileType = wrapper.application; includeInIndex = 0; path = clonedcode.app; sourceTree = BUILT_PRODUCTS_DIR; };
		A19149F0291CF3CC000788E2 /* clonedcodeApp.swift */ = {isa = PBXFileReference; lastKnownFileType = sourcecode.swift; path = clonedcodeApp.swift; sourceTree = "<group>"; };
		A19149F2291CF3CC000788E2 /* HomePage.swift */ = {isa = PBXFileReference; lastKnownFileType = sourcecode.swift; path = HomePage.swift; sourceTree = "<group>"; };
		A19149F4291CF3CE000788E2 /* Assets.xcassets */ = {isa = PBXFileReference; lastKnownFileType = folder.assetcatalog; path = Assets.xcassets; sourceTree = "<group>"; };
		A19149F7291CF3CE000788E2 /* Preview Assets.xcassets */ = {isa = PBXFileReference; lastKnownFileType = folder.assetcatalog; path = "Preview Assets.xcassets"; sourceTree = "<group>"; };
		A19149FD291CF3CE000788E2 /* clonedcodeTests.xctest */ = {isa = PBXFileReference; explicitFileType = wrapper.cfbundle; includeInIndex = 0; path = clonedcodeTests.xctest; sourceTree = BUILT_PRODUCTS_DIR; };
		A1914A01291CF3CE000788E2 /* clonedcodeTests.swift */ = {isa = PBXFileReference; lastKnownFileType = sourcecode.swift; path = clonedcodeTests.swift; sourceTree = "<group>"; };
		A1914A07291CF3CE000788E2 /* clonedcodeUITests.xctest */ = {isa = PBXFileReference; explicitFileType = wrapper.cfbundle; includeInIndex = 0; path = clonedcodeUITests.xctest; sourceTree = BUILT_PRODUCTS_DIR; };
		A1914A0B291CF3CE000788E2 /* clonedcodeUITests.swift */ = {isa = PBXFileReference; lastKnownFileType = sourcecode.swift; path = clonedcodeUITests.swift; sourceTree = "<group>"; };
		A1914A0D291CF3CE000788E2 /* clonedcodeUITestsLaunchTests.swift */ = {isa = PBXFileReference; lastKnownFileType = sourcecode.swift; path = clonedcodeUITestsLaunchTests.swift; sourceTree = "<group>"; };
		A1914A1D291D0531000788E2 /* LayoutView.swift */ = {isa = PBXFileReference; lastKnownFileType = sourcecode.swift; path = LayoutView.swift; sourceTree = "<group>"; };
/* End PBXFileReference section */

/* Begin PBXFrameworksBuildPhase section */
		A19149EA291CF3CC000788E2 /* Frameworks */ = {
			isa = PBXFrameworksBuildPhase;
			buildActionMask = 2147483647;
			files = (
			);
			runOnlyForDeploymentPostprocessing = 0;
		};
		A19149FA291CF3CE000788E2 /* Frameworks */ = {
			isa = PBXFrameworksBuildPhase;
			buildActionMask = 2147483647;
			files = (
			);
			runOnlyForDeploymentPostprocessing = 0;
		};
		A1914A04291CF3CE000788E2 /* Frameworks */ = {
			isa = PBXFrameworksBuildPhase;
			buildActionMask = 2147483647;
			files = (
			);
			runOnlyForDeploymentPostprocessing = 0;
		};
/* End PBXFrameworksBuildPhase section */

/* Begin PBXGroup section */
		A19149E4291CF3CC000788E2 = {
			isa = PBXGroup;
			children = (
				A19149EF291CF3CC000788E2 /* clonedcode */,
				A1914A00291CF3CE000788E2 /* clonedcodeTests */,
				A1914A0A291CF3CE000788E2 /* clonedcodeUITests */,
				A19149EE291CF3CC000788E2 /* Products */,
			);
			sourceTree = "<group>";
		};
		A19149EE291CF3CC000788E2 /* Products */ = {
			isa = PBXGroup;
			children = (
				A19149ED291CF3CC000788E2 /* clonedcode.app */,
				A19149FD291CF3CE000788E2 /* clonedcodeTests.xctest */,
				A1914A07291CF3CE000788E2 /* clonedcodeUITests.xctest */,
			);
			name = Products;
			sourceTree = "<group>";
		};
		A19149EF291CF3CC000788E2 /* clonedcode */ = {
			isa = PBXGroup;
			children = (
				A1914A1C291D0511000788E2 /* Components */,
				A1914A1A291D04FA000788E2 /* Pages */,
				A19149F0291CF3CC000788E2 /* clonedcodeApp.swift */,
				A19149F4291CF3CE000788E2 /* Assets.xcassets */,
				A19149F6291CF3CE000788E2 /* Preview Content */,
			);
			path = clonedcode;
			sourceTree = "<group>";
		};
		A19149F6291CF3CE000788E2 /* Preview Content */ = {
			isa = PBXGroup;
			children = (
				A19149F7291CF3CE000788E2 /* Preview Assets.xcassets */,
			);
			path = "Preview Content";
			sourceTree = "<group>";
		};
		A1914A00291CF3CE000788E2 /* clonedcodeTests */ = {
			isa = PBXGroup;
			children = (
				A1914A01291CF3CE000788E2 /* clonedcodeTests.swift */,
			);
			path = clonedcodeTests;
			sourceTree = "<group>";
		};
		A1914A0A291CF3CE000788E2 /* clonedcodeUITests */ = {
			isa = PBXGroup;
			children = (
				A1914A0B291CF3CE000788E2 /* clonedcodeUITests.swift */,
				A1914A0D291CF3CE000788E2 /* clonedcodeUITestsLaunchTests.swift */,
			);
			path = clonedcodeUITests;
			sourceTree = "<group>";
		};
		A1914A1A291D04FA000788E2 /* Pages */ = {
			isa = PBXGroup;
			children = (
				A1914A1B291D0503000788E2 /* HomePage */,
				A1914A1D291D0531000788E2 /* LayoutView.swift */,
			);
			path = Pages;
			sourceTree = "<group>";
		};
		A1914A1B291D0503000788E2 /* HomePage */ = {
			isa = PBXGroup;
			children = (
				A19149F2291CF3CC000788E2 /* HomePage.swift */,
			);
			path = HomePage;
			sourceTree = "<group>";
		};
		A1914A1C291D0511000788E2 /* Components */ = {
			isa = PBXGroup;
			children = (
			);
			path = Components;
			sourceTree = "<group>";
		};
/* End PBXGroup section */

/* Begin PBXNativeTarget section */
		A19149EC291CF3CC000788E2 /* clonedcode */ = {
			isa = PBXNativeTarget;
			buildConfigurationList = A1914A11291CF3CE000788E2 /* Build configuration list for PBXNativeTarget "clonedcode" */;
			buildPhases = (
				A19149E9291CF3CC000788E2 /* Sources */,
				A19149EA291CF3CC000788E2 /* Frameworks */,
				A19149EB291CF3CC000788E2 /* Resources */,
			);
			buildRules = (
			);
			dependencies = (
			);
			name = clonedcode;
			productName = clonedcode;
			productReference = A19149ED291CF3CC000788E2 /* clonedcode.app */;
			productType = "com.apple.product-type.application";
		};
		A19149FC291CF3CE000788E2 /* clonedcodeTests */ = {
			isa = PBXNativeTarget;
			buildConfigurationList = A1914A14291CF3CE000788E2 /* Build configuration list for PBXNativeTarget "clonedcodeTests" */;
			buildPhases = (
				A19149F9291CF3CE000788E2 /* Sources */,
				A19149FA291CF3CE000788E2 /* Frameworks */,
				A19149FB291CF3CE000788E2 /* Resources */,
			);
			buildRules = (
			);
			dependencies = (
				A19149FF291CF3CE000788E2 /* PBXTargetDependency */,
			);
			name = clonedcodeTests;
			productName = clonedcodeTests;
			productReference = A19149FD291CF3CE000788E2 /* clonedcodeTests.xctest */;
			productType = "com.apple.product-type.bundle.unit-test";
		};
		A1914A06291CF3CE000788E2 /* clonedcodeUITests */ = {
			isa = PBXNativeTarget;
			buildConfigurationList = A1914A17291CF3CE000788E2 /* Build configuration list for PBXNativeTarget "clonedcodeUITests" */;
			buildPhases = (
				A1914A03291CF3CE000788E2 /* Sources */,
				A1914A04291CF3CE000788E2 /* Frameworks */,
				A1914A05291CF3CE000788E2 /* Resources */,
			);
			buildRules = (
			);
			dependencies = (
				A1914A09291CF3CE000788E2 /* PBXTargetDependency */,
			);
			name = clonedcodeUITests;
			productName = clonedcodeUITests;
			productReference = A1914A07291CF3CE000788E2 /* clonedcodeUITests.xctest */;
			productType = "com.apple.product-type.bundle.ui-testing";
		};
/* End PBXNativeTarget section */

/* Begin PBXProject section */
		A19149E5291CF3CC000788E2 /* Project object */ = {
			isa = PBXProject;
			attributes = {
				BuildIndependentTargetsInParallel = 1;
				LastSwiftUpdateCheck = 1410;
				LastUpgradeCheck = 1410;
				TargetAttributes = {
					A19149EC291CF3CC000788E2 = {
						CreatedOnToolsVersion = 14.1;
					};
					A19149FC291CF3CE000788E2 = {
						CreatedOnToolsVersion = 14.1;
						TestTargetID = A19149EC291CF3CC000788E2;
					};
					A1914A06291CF3CE000788E2 = {
						CreatedOnToolsVersion = 14.1;
						TestTargetID = A19149EC291CF3CC000788E2;
					};
				};
			};
			buildConfigurationList = A19149E8291CF3CC000788E2 /* Build configuration list for PBXProject "clonedcode" */;
			compatibilityVersion = "Xcode 14.0";
			developmentRegion = en;
			hasScannedForEncodings = 0;
			knownRegions = (
				en,
				Base,
			);
			mainGroup = A19149E4291CF3CC000788E2;
			productRefGroup = A19149EE291CF3CC000788E2 /* Products */;
			projectDirPath = "";
			projectRoot = "";
			targets = (
				A19149EC291CF3CC000788E2 /* clonedcode */,
				A19149FC291CF3CE000788E2 /* clonedcodeTests */,
				A1914A06291CF3CE000788E2 /* clonedcodeUITests */,
			);
		};
/* End PBXProject section */

/* Begin PBXResourcesBuildPhase section */
		A19149EB291CF3CC000788E2 /* Resources */ = {
			isa = PBXResourcesBuildPhase;
			buildActionMask = 2147483647;
			files = (
				A19149F8291CF3CE000788E2 /* Preview Assets.xcassets in Resources */,
				A19149F5291CF3CE000788E2 /* Assets.xcassets in Resources */,
			);
			runOnlyForDeploymentPostprocessing = 0;
		};
		A19149FB291CF3CE000788E2 /* Resources */ = {
			isa = PBXResourcesBuildPhase;
			buildActionMask = 2147483647;
			files = (
			);
			runOnlyForDeploymentPostprocessing = 0;
		};
		A1914A05291CF3CE000788E2 /* Resources */ = {
			isa = PBXResourcesBuildPhase;
			buildActionMask = 2147483647;
			files = (
			);
			runOnlyForDeploymentPostprocessing = 0;
		};
/* End PBXResourcesBuildPhase section */

/* Begin PBXSourcesBuildPhase section */
		A19149E9291CF3CC000788E2 /* Sources */ = {
			isa = PBXSourcesBuildPhase;
			buildActionMask = 2147483647;
			files = (
				A19149F3291CF3CC000788E2 /* HomePage.swift in Sources */,
				A19149F1291CF3CC000788E2 /* clonedcodeApp.swift in Sources */,
				A1914A1E291D0531000788E2 /* LayoutView.swift in Sources */,
			);
			runOnlyForDeploymentPostprocessing = 0;
		};
		A19149F9291CF3CE000788E2 /* Sources */ = {
			isa = PBXSourcesBuildPhase;
			buildActionMask = 2147483647;
			files = (
				A1914A02291CF3CE000788E2 /* clonedcodeTests.swift in Sources */,
			);
			runOnlyForDeploymentPostprocessing = 0;
		};
		A1914A03291CF3CE000788E2 /* Sources */ = {
			isa = PBXSourcesBuildPhase;
			buildActionMask = 2147483647;
			files = (
				A1914A0E291CF3CE000788E2 /* clonedcodeUITestsLaunchTests.swift in Sources */,
				A1914A0C291CF3CE000788E2 /* clonedcodeUITests.swift in Sources */,
			);
			runOnlyForDeploymentPostprocessing = 0;
		};
/* End PBXSourcesBuildPhase section */

/* Begin PBXTargetDependency section */
		A19149FF291CF3CE000788E2 /* PBXTargetDependency */ = {
			isa = PBXTargetDependency;
			target = A19149EC291CF3CC000788E2 /* clonedcode */;
			targetProxy = A19149FE291CF3CE000788E2 /* PBXContainerItemProxy */;
		};
		A1914A09291CF3CE000788E2 /* PBXTargetDependency */ = {
			isa = PBXTargetDependency;
			target = A19149EC291CF3CC000788E2 /* clonedcode */;
			targetProxy = A1914A08291CF3CE000788E2 /* PBXContainerItemProxy */;
		};
/* End PBXTargetDependency section */

/* Begin XCBuildConfiguration section */
		A1914A0F291CF3CE000788E2 /* Debug */ = {
			isa = XCBuildConfiguration;
			buildSettings = {
				ALWAYS_SEARCH_USER_PATHS = NO;
				CLANG_ANALYZER_NONNULL = YES;
				CLANG_ANALYZER_NUMBER_OBJECT_CONVERSION = YES_AGGRESSIVE;
				CLANG_CXX_LANGUAGE_STANDARD = "gnu++20";
				CLANG_ENABLE_MODULES = YES;
				CLANG_ENABLE_OBJC_ARC = YES;
				CLANG_ENABLE_OBJC_WEAK = YES;
				CLANG_WARN_BLOCK_CAPTURE_AUTORELEASING = YES;
				CLANG_WARN_BOOL_CONVERSION = YES;
				CLANG_WARN_COMMA = YES;
				CLANG_WARN_CONSTANT_CONVERSION = YES;
				CLANG_WARN_DEPRECATED_OBJC_IMPLEMENTATIONS = YES;
				CLANG_WARN_DIRECT_OBJC_ISA_USAGE = YES_ERROR;
				CLANG_WARN_DOCUMENTATION_COMMENTS = YES;
				CLANG_WARN_EMPTY_BODY = YES;
				CLANG_WARN_ENUM_CONVERSION = YES;
				CLANG_WARN_INFINITE_RECURSION = YES;
				CLANG_WARN_INT_CONVERSION = YES;
				CLANG_WARN_NON_LITERAL_NULL_CONVERSION = YES;
				CLANG_WARN_OBJC_IMPLICIT_RETAIN_SELF = YES;
				CLANG_WARN_OBJC_LITERAL_CONVERSION = YES;
				CLANG_WARN_OBJC_ROOT_CLASS = YES_ERROR;
				CLANG_WARN_QUOTED_INCLUDE_IN_FRAMEWORK_HEADER = YES;
				CLANG_WARN_RANGE_LOOP_ANALYSIS = YES;
				CLANG_WARN_STRICT_PROTOTYPES = YES;
				CLANG_WARN_SUSPICIOUS_MOVE = YES;
				CLANG_WARN_UNGUARDED_AVAILABILITY = YES_AGGRESSIVE;
				CLANG_WARN_UNREACHABLE_CODE = YES;
				CLANG_WARN__DUPLICATE_METHOD_MATCH = YES;
				COPY_PHASE_STRIP = NO;
				DEBUG_INFORMATION_FORMAT = dwarf;
				ENABLE_STRICT_OBJC_MSGSEND = YES;
				ENABLE_TESTABILITY = YES;
				GCC_C_LANGUAGE_STANDARD = gnu11;
				GCC_DYNAMIC_NO_PIC = NO;
				GCC_NO_COMMON_BLOCKS = YES;
				GCC_OPTIMIZATION_LEVEL = 0;
				GCC_PREPROCESSOR_DEFINITIONS = (
					"DEBUG=1",
					"$(inherited)",
				);
				GCC_WARN_64_TO_32_BIT_CONVERSION = YES;
				GCC_WARN_ABOUT_RETURN_TYPE = YES_ERROR;
				GCC_WARN_UNDECLARED_SELECTOR = YES;
				GCC_WARN_UNINITIALIZED_AUTOS = YES_AGGRESSIVE;
				GCC_WARN_UNUSED_FUNCTION = YES;
				GCC_WARN_UNUSED_VARIABLE = YES;
				IPHONEOS_DEPLOYMENT_TARGET = 16.1;
				MTL_ENABLE_DEBUG_INFO = INCLUDE_SOURCE;
				MTL_FAST_MATH = YES;
				ONLY_ACTIVE_ARCH = YES;
				SDKROOT = iphoneos;
				SWIFT_ACTIVE_COMPILATION_CONDITIONS = DEBUG;
				SWIFT_OPTIMIZATION_LEVEL = "-Onone";
			};
			name = Debug;
		};
		A1914A10291CF3CE000788E2 /* Release */ = {
			isa = XCBuildConfiguration;
			buildSettings = {
				ALWAYS_SEARCH_USER_PATHS = NO;
				CLANG_ANALYZER_NONNULL = YES;
				CLANG_ANALYZER_NUMBER_OBJECT_CONVERSION = YES_AGGRESSIVE;
				CLANG_CXX_LANGUAGE_STANDARD = "gnu++20";
				CLANG_ENABLE_MODULES = YES;
				CLANG_ENABLE_OBJC_ARC = YES;
				CLANG_ENABLE_OBJC_WEAK = YES;
				CLANG_WARN_BLOCK_CAPTURE_AUTORELEASING = YES;
				CLANG_WARN_BOOL_CONVERSION = YES;
				CLANG_WARN_COMMA = YES;
				CLANG_WARN_CONSTANT_CONVERSION = YES;
				CLANG_WARN_DEPRECATED_OBJC_IMPLEMENTATIONS = YES;
				CLANG_WARN_DIRECT_OBJC_ISA_USAGE = YES_ERROR;
				CLANG_WARN_DOCUMENTATION_COMMENTS = YES;
				CLANG_WARN_EMPTY_BODY = YES;
				CLANG_WARN_ENUM_CONVERSION = YES;
				CLANG_WARN_INFINITE_RECURSION = YES;
				CLANG_WARN_INT_CONVERSION = YES;
				CLANG_WARN_NON_LITERAL_NULL_CONVERSION = YES;
				CLANG_WARN_OBJC_IMPLICIT_RETAIN_SELF = YES;
				CLANG_WARN_OBJC_LITERAL_CONVERSION = YES;
				CLANG_WARN_OBJC_ROOT_CLASS = YES_ERROR;
				CLANG_WARN_QUOTED_INCLUDE_IN_FRAMEWORK_HEADER = YES;
				CLANG_WARN_RANGE_LOOP_ANALYSIS = YES;
				CLANG_WARN_STRICT_PROTOTYPES = YES;
				CLANG_WARN_SUSPICIOUS_MOVE = YES;
				CLANG_WARN_UNGUARDED_AVAILABILITY = YES_AGGRESSIVE;
				CLANG_WARN_UNREACHABLE_CODE = YES;
				CLANG_WARN__DUPLICATE_METHOD_MATCH = YES;
				COPY_PHASE_STRIP = NO;
				DEBUG_INFORMATION_FORMAT = "dwarf-with-dsym";
				ENABLE_NS_ASSERTIONS = NO;
				ENABLE_STRICT_OBJC_MSGSEND = YES;
				GCC_C_LANGUAGE_STANDARD = gnu11;
				GCC_NO_COMMON_BLOCKS = YES;
				GCC_WARN_64_TO_32_BIT_CONVERSION = YES;
				GCC_WARN_ABOUT_RETURN_TYPE = YES_ERROR;
				GCC_WARN_UNDECLARED_SELECTOR = YES;
				GCC_WARN_UNINITIALIZED_AUTOS = YES_AGGRESSIVE;
				GCC_WARN_UNUSED_FUNCTION = YES;
				GCC_WARN_UNUSED_VARIABLE = YES;
				IPHONEOS_DEPLOYMENT_TARGET = 16.1;
				MTL_ENABLE_DEBUG_INFO = NO;
				MTL_FAST_MATH = YES;
				SDKROOT = iphoneos;
				SWIFT_COMPILATION_MODE = wholemodule;
				SWIFT_OPTIMIZATION_LEVEL = "-O";
				VALIDATE_PRODUCT = YES;
			};
			name = Release;
		};
		A1914A12291CF3CE000788E2 /* Debug */ = {
			isa = XCBuildConfiguration;
			buildSettings = {
				ASSETCATALOG_COMPILER_APPICON_NAME = AppIcon;
				ASSETCATALOG_COMPILER_GLOBAL_ACCENT_COLOR_NAME = AccentColor;
				CODE_SIGN_STYLE = Automatic;
				CURRENT_PROJECT_VERSION = 1;
				DEVELOPMENT_ASSET_PATHS = "\"clonedcode/Preview Content\"";
				DEVELOPMENT_TEAM = V6C8BWW65M;
				ENABLE_PREVIEWS = YES;
				GENERATE_INFOPLIST_FILE = YES;
				INFOPLIST_KEY_CFBundleDisplayName = cloneDcode;
				INFOPLIST_KEY_LSApplicationCategoryType = "public.app-category.shopping";
				INFOPLIST_KEY_UIApplicationSceneManifest_Generation = YES;
				INFOPLIST_KEY_UIApplicationSupportsIndirectInputEvents = YES;
				INFOPLIST_KEY_UILaunchScreen_Generation = YES;
				INFOPLIST_KEY_UISupportedInterfaceOrientations = UIInterfaceOrientationPortrait;
				INFOPLIST_KEY_UISupportedInterfaceOrientations_iPad = "UIInterfaceOrientationLandscapeLeft UIInterfaceOrientationLandscapeRight UIInterfaceOrientationPortrait UIInterfaceOrientationPortraitUpsideDown";
				IPHONEOS_DEPLOYMENT_TARGET = 14.0;
				LD_RUNPATH_SEARCH_PATHS = (
					"$(inherited)",
					"@executable_path/Frameworks",
				);
				MARKETING_VERSION = 1.0;
				PRODUCT_BUNDLE_IDENTIFIER = com.appfried.app.clonedcode;
				PRODUCT_NAME = "$(TARGET_NAME)";
				SUPPORTED_PLATFORMS = "iphoneos iphonesimulator";
				SUPPORTS_MACCATALYST = NO;
				SUPPORTS_MAC_DESIGNED_FOR_IPHONE_IPAD = NO;
				SWIFT_EMIT_LOC_STRINGS = YES;
				SWIFT_VERSION = 5.0;
				TARGETED_DEVICE_FAMILY = 1;
			};
			name = Debug;
		};
		A1914A13291CF3CE000788E2 /* Release */ = {
			isa = XCBuildConfiguration;
			buildSettings = {
				ASSETCATALOG_COMPILER_APPICON_NAME = AppIcon;
				ASSETCATALOG_COMPILER_GLOBAL_ACCENT_COLOR_NAME = AccentColor;
				CODE_SIGN_STYLE = Automatic;
				CURRENT_PROJECT_VERSION = 1;
				DEVELOPMENT_ASSET_PATHS = "\"clonedcode/Preview Content\"";
				DEVELOPMENT_TEAM = V6C8BWW65M;
				ENABLE_PREVIEWS = YES;
				GENERATE_INFOPLIST_FILE = YES;
				INFOPLIST_KEY_CFBundleDisplayName = cloneDcode;
				INFOPLIST_KEY_LSApplicationCategoryType = "public.app-category.shopping";
				INFOPLIST_KEY_UIApplicationSceneManifest_Generation = YES;
				INFOPLIST_KEY_UIApplicationSupportsIndirectInputEvents = YES;
				INFOPLIST_KEY_UILaunchScreen_Generation = YES;
				INFOPLIST_KEY_UISupportedInterfaceOrientations = UIInterfaceOrientationPortrait;
				INFOPLIST_KEY_UISupportedInterfaceOrientations_iPad = "UIInterfaceOrientationLandscapeLeft UIInterfaceOrientationLandscapeRight UIInterfaceOrientationPortrait UIInterfaceOrientationPortraitUpsideDown";
				IPHONEOS_DEPLOYMENT_TARGET = 14.0;
				LD_RUNPATH_SEARCH_PATHS = (
					"$(inherited)",
					"@executable_path/Frameworks",
				);
				MARKETING_VERSION = 1.0;
				PRODUCT_BUNDLE_IDENTIFIER = com.appfried.app.clonedcode;
				PRODUCT_NAME = "$(TARGET_NAME)";
				SUPPORTED_PLATFORMS = "iphoneos iphonesimulator";
				SUPPORTS_MACCATALYST = NO;
				SUPPORTS_MAC_DESIGNED_FOR_IPHONE_IPAD = NO;
				SWIFT_EMIT_LOC_STRINGS = YES;
				SWIFT_VERSION = 5.0;
				TARGETED_DEVICE_FAMILY = 1;
			};
			name = Release;
		};
		A1914A15291CF3CE000788E2 /* Debug */ = {
			isa = XCBuildConfiguration;
			buildSettings = {
				ALWAYS_EMBED_SWIFT_STANDARD_LIBRARIES = YES;
				BUNDLE_LOADER = "$(TEST_HOST)";
				CODE_SIGN_STYLE = Automatic;
				CURRENT_PROJECT_VERSION = 1;
				DEVELOPMENT_TEAM = V6C8BWW65M;
				GENERATE_INFOPLIST_FILE = YES;
				IPHONEOS_DEPLOYMENT_TARGET = 16.1;
				MARKETING_VERSION = 1.0;
				PRODUCT_BUNDLE_IDENTIFIER = com.appfried.app.clonedcodeTests;
				PRODUCT_NAME = "$(TARGET_NAME)";
				SWIFT_EMIT_LOC_STRINGS = NO;
				SWIFT_VERSION = 5.0;
				TARGETED_DEVICE_FAMILY = "1,2";
				TEST_HOST = "$(BUILT_PRODUCTS_DIR)/clonedcode.app/$(BUNDLE_EXECUTABLE_FOLDER_PATH)/clonedcode";
			};
			name = Debug;
		};
		A1914A16291CF3CE000788E2 /* Release */ = {
			isa = XCBuildConfiguration;
			buildSettings = {
				ALWAYS_EMBED_SWIFT_STANDARD_LIBRARIES = YES;
				BUNDLE_LOADER = "$(TEST_HOST)";
				CODE_SIGN_STYLE = Automatic;
				CURRENT_PROJECT_VERSION = 1;
				DEVELOPMENT_TEAM = V6C8BWW65M;
				GENERATE_INFOPLIST_FILE = YES;
				IPHONEOS_DEPLOYMENT_TARGET = 16.1;
				MARKETING_VERSION = 1.0;
				PRODUCT_BUNDLE_IDENTIFIER = com.appfried.app.clonedcodeTests;
				PRODUCT_NAME = "$(TARGET_NAME)";
				SWIFT_EMIT_LOC_STRINGS = NO;
				SWIFT_VERSION = 5.0;
				TARGETED_DEVICE_FAMILY = "1,2";
				TEST_HOST = "$(BUILT_PRODUCTS_DIR)/clonedcode.app/$(BUNDLE_EXECUTABLE_FOLDER_PATH)/clonedcode";
			};
			name = Release;
		};
		A1914A18291CF3CE000788E2 /* Debug */ = {
			isa = XCBuildConfiguration;
			buildSettings = {
				ALWAYS_EMBED_SWIFT_STANDARD_LIBRARIES = YES;
				CODE_SIGN_STYLE = Automatic;
				CURRENT_PROJECT_VERSION = 1;
				DEVELOPMENT_TEAM = V6C8BWW65M;
				GENERATE_INFOPLIST_FILE = YES;
				MARKETING_VERSION = 1.0;
				PRODUCT_BUNDLE_IDENTIFIER = com.appfried.app.clonedcodeUITests;
				PRODUCT_NAME = "$(TARGET_NAME)";
				SWIFT_EMIT_LOC_STRINGS = NO;
				SWIFT_VERSION = 5.0;
				TARGETED_DEVICE_FAMILY = "1,2";
				TEST_TARGET_NAME = clonedcode;
			};
			name = Debug;
		};
		A1914A19291CF3CE000788E2 /* Release */ = {
			isa = XCBuildConfiguration;
			buildSettings = {
				ALWAYS_EMBED_SWIFT_STANDARD_LIBRARIES = YES;
				CODE_SIGN_STYLE = Automatic;
				CURRENT_PROJECT_VERSION = 1;
				DEVELOPMENT_TEAM = V6C8BWW65M;
				GENERATE_INFOPLIST_FILE = YES;
				MARKETING_VERSION = 1.0;
				PRODUCT_BUNDLE_IDENTIFIER = com.appfried.app.clonedcodeUITests;
				PRODUCT_NAME = "$(TARGET_NAME)";
				SWIFT_EMIT_LOC_STRINGS = NO;
				SWIFT_VERSION = 5.0;
				TARGETED_DEVICE_FAMILY = "1,2";
				TEST_TARGET_NAME = clonedcode;
			};
			name = Release;
		};
/* End XCBuildConfiguration section */

/* Begin XCConfigurationList section */
		A19149E8291CF3CC000788E2 /* Build configuration list for PBXProject "clonedcode" */ = {
			isa = XCConfigurationList;
			buildConfigurations = (
				A1914A0F291CF3CE000788E2 /* Debug */,
				A1914A10291CF3CE000788E2 /* Release */,
			);
			defaultConfigurationIsVisible = 0;
			defaultConfigurationName = Release;
		};
		A1914A11291CF3CE000788E2 /* Build configuration list for PBXNativeTarget "clonedcode" */ = {
			isa = XCConfigurationList;
			buildConfigurations = (
				A1914A12291CF3CE000788E2 /* Debug */,
				A1914A13291CF3CE000788E2 /* Release */,
			);
			defaultConfigurationIsVisible = 0;
			defaultConfigurationName = Release;
		};
		A1914A14291CF3CE000788E2 /* Build configuration list for PBXNativeTarget "clonedcodeTests" */ = {
			isa = XCConfigurationList;
			buildConfigurations = (
				A1914A15291CF3CE000788E2 /* Debug */,
				A1914A16291CF3CE000788E2 /* Release */,
			);
			defaultConfigurationIsVisible = 0;
			defaultConfigurationName = Release;
		};
		A1914A17291CF3CE000788E2 /* Build configuration list for PBXNativeTarget "clonedcodeUITests" */ = {
			isa = XCConfigurationList;
			buildConfigurations = (
				A1914A18291CF3CE000788E2 /* Debug */,
				A1914A19291CF3CE000788E2 /* Release */,
			);
			defaultConfigurationIsVisible = 0;
			defaultConfigurationName = Release;
		};
/* End XCConfigurationList section */
	};
	rootObject = A19149E5291CF3CC000788E2 /* Project object */;
}
